
Microsoft Visual Studio Solution File, Format Version 12.00
# Visual Studio 14
VisualStudioVersion = 14.0.25123.0
MinimumVisualStudioVersion = 10.0.40219.1
Project("{8BC9CEB8-8B4A-11D0-8D11-00A0C91BC942}") = "PylonMEX", "PylonMEX\PylonMEX.vcxproj", "{E88CE896-B3AA-4598-96BF-AD756FF2E782}"
EndProject
Project("{8BC9CEB8-8B4A-11D0-8D11-00A0C91BC942}") = "PylonMEX_Initialize", "PylonMEX_Initialize\PylonMEX_Initialize.vcxproj", "{EE039BED-6B2B-45F1-98DE-CA81635A6CF6}"
EndProject
Project("{8BC9CEB8-8B4A-11D0-8D11-00A0C91BC942}") = "PylonMEX_Shutdown", "PylonMEX_Shutdown\PylonMEX_Shutdown.vcxproj", "{2377CE33-FAED-44C4-9D14-89FCE1A9FAEB}"
EndProject
Project("{8BC9CEB8-8B4A-11D0-8D11-00A0C91BC942}") = "PylonMEX_GrabOne", "PylonMEX_GrabOne\PylonMEX_GrabOne.vcxproj", "{F6BF43D1-779A-4DF2-958B-E107369C81DD}"
EndProject
Project("{8BC9CEB8-8B4A-11D0-8D11-00A0C91BC942}") = "PylonMEX_Method", "PylonMEX_Method\PylonMEX_Method.vcxproj", "{A9FF9158-6AF0-4DE6-90F7-69C0CE16D04E}"
EndProject
Project("{8BC9CEB8-8B4A-11D0-8D11-00A0C91BC942}") = "PylonMEX_GrabNoWait", "PylonMEX_GrabNoWait\PylonMEX_GrabNoWait.vcxproj", "{148A31BE-A5C0-4CCC-80FF-7C4D1632460F}"
EndProject
Project("{8BC9CEB8-8B4A-11D0-8D11-00A0C91BC942}") = "PylonMEX_BufferCount", "PylonMEX_BufferCount\PylonMEX_BufferCount.vcxproj", "{15461414-D52B-48AE-9C45-EBB7772B320D}"
EndProject
Project("{8BC9CEB8-8B4A-11D0-8D11-00A0C91BC942}") = "PylonMEX_ResultingFrameRate", "PylonMEX_ResultingFrameRate\PylonMEX_ResultingFrameRate.vcxproj", "{31574AA7-4AAC-477B-B68D-5CE0107EA33B}"
EndProject
Project("{8BC9CEB8-8B4A-11D0-8D11-00A0C91BC942}") = "PylonMEX_HasExposure", "PylonMEX_HasExposure\PylonMEX_HasExposure.vcxproj", "{9DAD5B3E-7BFA-45A7-AEE4-86B8338BCE16}"
EndProject
Project("{8BC9CEB8-8B4A-11D0-8D11-00A0C91BC942}") = "PylonMEX_GetExposure", "PylonMEX_GetExposure()\PylonMEX_GetExposure().vcxproj", "{934C42B0-CAC5-439B-9BA7-20EAF2A352FA}"
EndProject
Project("{8BC9CEB8-8B4A-11D0-8D11-00A0C91BC942}") = "PylonMEX_SetExposure", "PylonMEX_SetExposure\PylonMEX_SetExposure.vcxproj", "{5F1061D0-1B45-4746-8DDD-63CFBAACE919}"
EndProject
Project("{8BC9CEB8-8B4A-11D0-8D11-00A0C91BC942}") = "PylonMEX_GetExposureLimits", "PylonMEX_GetExposureLimits\PylonMEX_GetExposureLimits.vcxproj", "{C804ABCA-C6FA-412D-90F2-773912779462}"
EndProject
Project("{8BC9CEB8-8B4A-11D0-8D11-00A0C91BC942}") = "PylonMEX_HasExposureAuto", "PylonMEX_HasExposureAuto\PylonMEX_HasExposureAuto.vcxproj", "{AE3AAD64-FBCA-4C9D-AA20-D500BC2F0C8D}"
EndProject
Project("{8BC9CEB8-8B4A-11D0-8D11-00A0C91BC942}") = "PylonMEX_GetExposureAuto", "PylonMEX_GetExposureAuto\PylonMEX_GetExposureAuto.vcxproj", "{160CA9D0-7DAC-4B59-8F94-271EFBE24C60}"
EndProject
Project("{8BC9CEB8-8B4A-11D0-8D11-00A0C91BC942}") = "PylonMEX_SetExposureAuto", "PylonMEX_SetExposureAuto\PylonMEX_SetExposureAuto.vcxproj", "{40F4BFC5-6357-4F92-ADBE-362DAA3F32B3}"
EndProject
Project("{8BC9CEB8-8B4A-11D0-8D11-00A0C91BC942}") = "PylonMEX_HasROI", "PylonMEX_HasROI\PylonMEX_HasROI.vcxproj", "{D3A41F0B-96C6-4BB9-8696-3E2F85F6F0EB}"
EndProject
Project("{8BC9CEB8-8B4A-11D0-8D11-00A0C91BC942}") = "PylonMEX_ClearROI", "PylonMEX_ClearROI\PylonMEX_ClearROI.vcxproj", "{D3B3FC3D-B6A6-4C3E-B511-6B25AA999A07}"
EndProject
Project("{8BC9CEB8-8B4A-11D0-8D11-00A0C91BC942}") = "PylonMEX_SetROI", "PylonMEX_SetROI\PylonMEX_SetROI.vcxproj", "{B7EF940C-F510-4B38-A224-10AAC0CEA719}"
EndProject
Project("{8BC9CEB8-8B4A-11D0-8D11-00A0C91BC942}") = "PylonMEX_GetROI", "PylonMEX_GetROI\PylonMEX_GetROI.vcxproj", "{94456E53-CB29-4076-B665-2C7102610F18}"
EndProject
Project("{8BC9CEB8-8B4A-11D0-8D11-00A0C91BC942}") = "PylonMEX_PropertyNames", "PylonMEX_PropertyNames\PylonMEX_PropertyNames.vcxproj", "{50320D85-8A5C-4DC3-9836-793CFE0B2C45}"
EndProject
Project("{8BC9CEB8-8B4A-11D0-8D11-00A0C91BC942}") = "PylonMEX_PropertyROStates", "PylonMEX_PropertyROStates\PylonMEX_PropertyROStates.vcxproj", "{E0CF4615-A274-4667-9B12-6A13C4FB8EB6}"
EndProject
Project("{8BC9CEB8-8B4A-11D0-8D11-00A0C91BC942}") = "PylonMEX_PropertyTypes", "PylonMEX_PropertyTypes\PylonMEX_PropertyTypes.vcxproj", "{130F6040-C409-4A30-ABA4-7EB552CDC679}"
EndProject
Project("{8BC9CEB8-8B4A-11D0-8D11-00A0C91BC942}") = "PylonMEX_SetProperty", "PylonMEX_SetProperty\PylonMEX_SetProperty.vcxproj", "{AE194B03-E640-443F-B146-FF8B11D69C1F}"
EndProject
Project("{8BC9CEB8-8B4A-11D0-8D11-00A0C91BC942}") = "PylonMEX_GetProperty", "PylonMEX_GetProperty\PylonMEX_GetProperty.vcxproj", "{4753B22D-A650-4235-A758-2F993CCF0DFC}"
EndProject
Project("{8BC9CEB8-8B4A-11D0-8D11-00A0C91BC942}") = "PylonMEX_PropertyAllowedValues", "PylonMEX_PropertyValueOptions\PylonMEX_PropertyValueOptions.vcxproj", "{982DD113-CBB0-482C-8825-5C13BB5222D6}"
EndProject
Project("{8BC9CEB8-8B4A-11D0-8D11-00A0C91BC942}") = "PylonMEX_GrabN", "PylonMEX_GrabN\PylonMEX_GrabN.vcxproj", "{FF3774C3-B285-462E-84AF-307CEB8CC4F1}"
EndProject
Global
	GlobalSection(SolutionConfigurationPlatforms) = preSolution
		Debug|x64 = Debug|x64
		Debug|x86 = Debug|x86
		Release|x64 = Release|x64
		Release|x86 = Release|x86
	EndGlobalSection
	GlobalSection(ProjectConfigurationPlatforms) = postSolution
		{E88CE896-B3AA-4598-96BF-AD756FF2E782}.Debug|x64.ActiveCfg = Debug|x64
		{E88CE896-B3AA-4598-96BF-AD756FF2E782}.Debug|x64.Build.0 = Debug|x64
		{E88CE896-B3AA-4598-96BF-AD756FF2E782}.Debug|x86.ActiveCfg = Debug|Win32
		{E88CE896-B3AA-4598-96BF-AD756FF2E782}.Debug|x86.Build.0 = Debug|Win32
		{E88CE896-B3AA-4598-96BF-AD756FF2E782}.Release|x64.ActiveCfg = Release|x64
		{E88CE896-B3AA-4598-96BF-AD756FF2E782}.Release|x64.Build.0 = Release|x64
		{E88CE896-B3AA-4598-96BF-AD756FF2E782}.Release|x86.ActiveCfg = Release|Win32
		{E88CE896-B3AA-4598-96BF-AD756FF2E782}.Release|x86.Build.0 = Release|Win32
		{EE039BED-6B2B-45F1-98DE-CA81635A6CF6}.Debug|x64.ActiveCfg = Debug|x64
		{EE039BED-6B2B-45F1-98DE-CA81635A6CF6}.Debug|x64.Build.0 = Debug|x64
		{EE039BED-6B2B-45F1-98DE-CA81635A6CF6}.Debug|x86.ActiveCfg = Debug|Win32
		{EE039BED-6B2B-45F1-98DE-CA81635A6CF6}.Debug|x86.Build.0 = Debug|Win32
		{EE039BED-6B2B-45F1-98DE-CA81635A6CF6}.Release|x64.ActiveCfg = Release|x64
		{EE039BED-6B2B-45F1-98DE-CA81635A6CF6}.Release|x64.Build.0 = Release|x64
		{EE039BED-6B2B-45F1-98DE-CA81635A6CF6}.Release|x86.ActiveCfg = Release|Win32
		{EE039BED-6B2B-45F1-98DE-CA81635A6CF6}.Release|x86.Build.0 = Release|Win32
		{2377CE33-FAED-44C4-9D14-89FCE1A9FAEB}.Debug|x64.ActiveCfg = Debug|x64
		{2377CE33-FAED-44C4-9D14-89FCE1A9FAEB}.Debug|x64.Build.0 = Debug|x64
		{2377CE33-FAED-44C4-9D14-89FCE1A9FAEB}.Debug|x86.ActiveCfg = Debug|Win32
		{2377CE33-FAED-44C4-9D14-89FCE1A9FAEB}.Debug|x86.Build.0 = Debug|Win32
		{2377CE33-FAED-44C4-9D14-89FCE1A9FAEB}.Release|x64.ActiveCfg = Release|x64
		{2377CE33-FAED-44C4-9D14-89FCE1A9FAEB}.Release|x64.Build.0 = Release|x64
		{2377CE33-FAED-44C4-9D14-89FCE1A9FAEB}.Release|x86.ActiveCfg = Release|Win32
		{2377CE33-FAED-44C4-9D14-89FCE1A9FAEB}.Release|x86.Build.0 = Release|Win32
		{F6BF43D1-779A-4DF2-958B-E107369C81DD}.Debug|x64.ActiveCfg = Debug|x64
		{F6BF43D1-779A-4DF2-958B-E107369C81DD}.Debug|x64.Build.0 = Debug|x64
		{F6BF43D1-779A-4DF2-958B-E107369C81DD}.Debug|x86.ActiveCfg = Debug|Win32
		{F6BF43D1-779A-4DF2-958B-E107369C81DD}.Debug|x86.Build.0 = Debug|Win32
		{F6BF43D1-779A-4DF2-958B-E107369C81DD}.Release|x64.ActiveCfg = Release|x64
		{F6BF43D1-779A-4DF2-958B-E107369C81DD}.Release|x64.Build.0 = Release|x64
		{F6BF43D1-779A-4DF2-958B-E107369C81DD}.Release|x86.ActiveCfg = Release|Win32
		{F6BF43D1-779A-4DF2-958B-E107369C81DD}.Release|x86.Build.0 = Release|Win32
		{A9FF9158-6AF0-4DE6-90F7-69C0CE16D04E}.Debug|x64.ActiveCfg = Debug|x64
		{A9FF9158-6AF0-4DE6-90F7-69C0CE16D04E}.Debug|x64.Build.0 = Debug|x64
		{A9FF9158-6AF0-4DE6-90F7-69C0CE16D04E}.Debug|x86.ActiveCfg = Debug|Win32
		{A9FF9158-6AF0-4DE6-90F7-69C0CE16D04E}.Debug|x86.Build.0 = Debug|Win32
		{A9FF9158-6AF0-4DE6-90F7-69C0CE16D04E}.Release|x64.ActiveCfg = Release|x64
		{A9FF9158-6AF0-4DE6-90F7-69C0CE16D04E}.Release|x64.Build.0 = Release|x64
		{A9FF9158-6AF0-4DE6-90F7-69C0CE16D04E}.Release|x86.ActiveCfg = Release|Win32
		{A9FF9158-6AF0-4DE6-90F7-69C0CE16D04E}.Release|x86.Build.0 = Release|Win32
		{148A31BE-A5C0-4CCC-80FF-7C4D1632460F}.Debug|x64.ActiveCfg = Debug|x64
		{148A31BE-A5C0-4CCC-80FF-7C4D1632460F}.Debug|x64.Build.0 = Debug|x64
		{148A31BE-A5C0-4CCC-80FF-7C4D1632460F}.Debug|x86.ActiveCfg = Debug|Win32
		{148A31BE-A5C0-4CCC-80FF-7C4D1632460F}.Debug|x86.Build.0 = Debug|Win32
		{148A31BE-A5C0-4CCC-80FF-7C4D1632460F}.Release|x64.ActiveCfg = Release|x64
		{148A31BE-A5C0-4CCC-80FF-7C4D1632460F}.Release|x64.Build.0 = Release|x64
		{148A31BE-A5C0-4CCC-80FF-7C4D1632460F}.Release|x86.ActiveCfg = Release|Win32
		{148A31BE-A5C0-4CCC-80FF-7C4D1632460F}.Release|x86.Build.0 = Release|Win32
		{15461414-D52B-48AE-9C45-EBB7772B320D}.Debug|x64.ActiveCfg = Debug|x64
		{15461414-D52B-48AE-9C45-EBB7772B320D}.Debug|x64.Build.0 = Debug|x64
		{15461414-D52B-48AE-9C45-EBB7772B320D}.Debug|x86.ActiveCfg = Debug|Win32
		{15461414-D52B-48AE-9C45-EBB7772B320D}.Debug|x86.Build.0 = Debug|Win32
		{15461414-D52B-48AE-9C45-EBB7772B320D}.Release|x64.ActiveCfg = Release|x64
		{15461414-D52B-48AE-9C45-EBB7772B320D}.Release|x64.Build.0 = Release|x64
		{15461414-D52B-48AE-9C45-EBB7772B320D}.Release|x86.ActiveCfg = Release|Win32
		{15461414-D52B-48AE-9C45-EBB7772B320D}.Release|x86.Build.0 = Release|Win32
		{31574AA7-4AAC-477B-B68D-5CE0107EA33B}.Debug|x64.ActiveCfg = Debug|x64
		{31574AA7-4AAC-477B-B68D-5CE0107EA33B}.Debug|x64.Build.0 = Debug|x64
		{31574AA7-4AAC-477B-B68D-5CE0107EA33B}.Debug|x86.ActiveCfg = Debug|Win32
		{31574AA7-4AAC-477B-B68D-5CE0107EA33B}.Debug|x86.Build.0 = Debug|Win32
		{31574AA7-4AAC-477B-B68D-5CE0107EA33B}.Release|x64.ActiveCfg = Release|x64
		{31574AA7-4AAC-477B-B68D-5CE0107EA33B}.Release|x64.Build.0 = Release|x64
		{31574AA7-4AAC-477B-B68D-5CE0107EA33B}.Release|x86.ActiveCfg = Release|Win32
		{31574AA7-4AAC-477B-B68D-5CE0107EA33B}.Release|x86.Build.0 = Release|Win32
		{9DAD5B3E-7BFA-45A7-AEE4-86B8338BCE16}.Debug|x64.ActiveCfg = Debug|x64
		{9DAD5B3E-7BFA-45A7-AEE4-86B8338BCE16}.Debug|x64.Build.0 = Debug|x64
		{9DAD5B3E-7BFA-45A7-AEE4-86B8338BCE16}.Debug|x86.ActiveCfg = Debug|Win32
		{9DAD5B3E-7BFA-45A7-AEE4-86B8338BCE16}.Debug|x86.Build.0 = Debug|Win32
		{9DAD5B3E-7BFA-45A7-AEE4-86B8338BCE16}.Release|x64.ActiveCfg = Release|x64
		{9DAD5B3E-7BFA-45A7-AEE4-86B8338BCE16}.Release|x64.Build.0 = Release|x64
		{9DAD5B3E-7BFA-45A7-AEE4-86B8338BCE16}.Release|x86.ActiveCfg = Release|Win32
		{9DAD5B3E-7BFA-45A7-AEE4-86B8338BCE16}.Release|x86.Build.0 = Release|Win32
		{934C42B0-CAC5-439B-9BA7-20EAF2A352FA}.Debug|x64.ActiveCfg = Debug|x64
		{934C42B0-CAC5-439B-9BA7-20EAF2A352FA}.Debug|x64.Build.0 = Debug|x64
		{934C42B0-CAC5-439B-9BA7-20EAF2A352FA}.Debug|x86.ActiveCfg = Debug|Win32
		{934C42B0-CAC5-439B-9BA7-20EAF2A352FA}.Debug|x86.Build.0 = Debug|Win32
		{934C42B0-CAC5-439B-9BA7-20EAF2A352FA}.Release|x64.ActiveCfg = Release|x64
		{934C42B0-CAC5-439B-9BA7-20EAF2A352FA}.Release|x64.Build.0 = Release|x64
		{934C42B0-CAC5-439B-9BA7-20EAF2A352FA}.Release|x86.ActiveCfg = Release|Win32
		{934C42B0-CAC5-439B-9BA7-20EAF2A352FA}.Release|x86.Build.0 = Release|Win32
		{5F1061D0-1B45-4746-8DDD-63CFBAACE919}.Debug|x64.ActiveCfg = Debug|x64
		{5F1061D0-1B45-4746-8DDD-63CFBAACE919}.Debug|x64.Build.0 = Debug|x64
		{5F1061D0-1B45-4746-8DDD-63CFBAACE919}.Debug|x86.ActiveCfg = Debug|Win32
		{5F1061D0-1B45-4746-8DDD-63CFBAACE919}.Debug|x86.Build.0 = Debug|Win32
		{5F1061D0-1B45-4746-8DDD-63CFBAACE919}.Release|x64.ActiveCfg = Release|x64
		{5F1061D0-1B45-4746-8DDD-63CFBAACE919}.Release|x64.Build.0 = Release|x64
		{5F1061D0-1B45-4746-8DDD-63CFBAACE919}.Release|x86.ActiveCfg = Release|Win32
		{5F1061D0-1B45-4746-8DDD-63CFBAACE919}.Release|x86.Build.0 = Release|Win32
		{C804ABCA-C6FA-412D-90F2-773912779462}.Debug|x64.ActiveCfg = Debug|x64
		{C804ABCA-C6FA-412D-90F2-773912779462}.Debug|x64.Build.0 = Debug|x64
		{C804ABCA-C6FA-412D-90F2-773912779462}.Debug|x86.ActiveCfg = Debug|Win32
		{C804ABCA-C6FA-412D-90F2-773912779462}.Debug|x86.Build.0 = Debug|Win32
		{C804ABCA-C6FA-412D-90F2-773912779462}.Release|x64.ActiveCfg = Release|x64
		{C804ABCA-C6FA-412D-90F2-773912779462}.Release|x64.Build.0 = Release|x64
		{C804ABCA-C6FA-412D-90F2-773912779462}.Release|x86.ActiveCfg = Release|Win32
		{C804ABCA-C6FA-412D-90F2-773912779462}.Release|x86.Build.0 = Release|Win32
		{AE3AAD64-FBCA-4C9D-AA20-D500BC2F0C8D}.Debug|x64.ActiveCfg = Debug|x64
		{AE3AAD64-FBCA-4C9D-AA20-D500BC2F0C8D}.Debug|x64.Build.0 = Debug|x64
		{AE3AAD64-FBCA-4C9D-AA20-D500BC2F0C8D}.Debug|x86.ActiveCfg = Debug|Win32
		{AE3AAD64-FBCA-4C9D-AA20-D500BC2F0C8D}.Debug|x86.Build.0 = Debug|Win32
		{AE3AAD64-FBCA-4C9D-AA20-D500BC2F0C8D}.Release|x64.ActiveCfg = Release|x64
		{AE3AAD64-FBCA-4C9D-AA20-D500BC2F0C8D}.Release|x64.Build.0 = Release|x64
		{AE3AAD64-FBCA-4C9D-AA20-D500BC2F0C8D}.Release|x86.ActiveCfg = Release|Win32
		{AE3AAD64-FBCA-4C9D-AA20-D500BC2F0C8D}.Release|x86.Build.0 = Release|Win32
		{160CA9D0-7DAC-4B59-8F94-271EFBE24C60}.Debug|x64.ActiveCfg = Debug|x64
		{160CA9D0-7DAC-4B59-8F94-271EFBE24C60}.Debug|x64.Build.0 = Debug|x64
		{160CA9D0-7DAC-4B59-8F94-271EFBE24C60}.Debug|x86.ActiveCfg = Debug|Win32
		{160CA9D0-7DAC-4B59-8F94-271EFBE24C60}.Debug|x86.Build.0 = Debug|Win32
		{160CA9D0-7DAC-4B59-8F94-271EFBE24C60}.Release|x64.ActiveCfg = Release|x64
		{160CA9D0-7DAC-4B59-8F94-271EFBE24C60}.Release|x64.Build.0 = Release|x64
		{160CA9D0-7DAC-4B59-8F94-271EFBE24C60}.Release|x86.ActiveCfg = Release|Win32
		{160CA9D0-7DAC-4B59-8F94-271EFBE24C60}.Release|x86.Build.0 = Release|Win32
		{40F4BFC5-6357-4F92-ADBE-362DAA3F32B3}.Debug|x64.ActiveCfg = Debug|x64
		{40F4BFC5-6357-4F92-ADBE-362DAA3F32B3}.Debug|x64.Build.0 = Debug|x64
		{40F4BFC5-6357-4F92-ADBE-362DAA3F32B3}.Debug|x86.ActiveCfg = Debug|Win32
		{40F4BFC5-6357-4F92-ADBE-362DAA3F32B3}.Debug|x86.Build.0 = Debug|Win32
		{40F4BFC5-6357-4F92-ADBE-362DAA3F32B3}.Release|x64.ActiveCfg = Release|x64
		{40F4BFC5-6357-4F92-ADBE-362DAA3F32B3}.Release|x64.Build.0 = Release|x64
		{40F4BFC5-6357-4F92-ADBE-362DAA3F32B3}.Release|x86.ActiveCfg = Release|Win32
		{40F4BFC5-6357-4F92-ADBE-362DAA3F32B3}.Release|x86.Build.0 = Release|Win32
		{D3A41F0B-96C6-4BB9-8696-3E2F85F6F0EB}.Debug|x64.ActiveCfg = Debug|x64
		{D3A41F0B-96C6-4BB9-8696-3E2F85F6F0EB}.Debug|x64.Build.0 = Debug|x64
		{D3A41F0B-96C6-4BB9-8696-3E2F85F6F0EB}.Debug|x86.ActiveCfg = Debug|Win32
		{D3A41F0B-96C6-4BB9-8696-3E2F85F6F0EB}.Debug|x86.Build.0 = Debug|Win32
		{D3A41F0B-96C6-4BB9-8696-3E2F85F6F0EB}.Release|x64.ActiveCfg = Release|x64
		{D3A41F0B-96C6-4BB9-8696-3E2F85F6F0EB}.Release|x64.Build.0 = Release|x64
		{D3A41F0B-96C6-4BB9-8696-3E2F85F6F0EB}.Release|x86.ActiveCfg = Release|Win32
		{D3A41F0B-96C6-4BB9-8696-3E2F85F6F0EB}.Release|x86.Build.0 = Release|Win32
		{D3B3FC3D-B6A6-4C3E-B511-6B25AA999A07}.Debug|x64.ActiveCfg = Debug|x64
		{D3B3FC3D-B6A6-4C3E-B511-6B25AA999A07}.Debug|x64.Build.0 = Debug|x64
		{D3B3FC3D-B6A6-4C3E-B511-6B25AA999A07}.Debug|x86.ActiveCfg = Debug|Win32
		{D3B3FC3D-B6A6-4C3E-B511-6B25AA999A07}.Debug|x86.Build.0 = Debug|Win32
		{D3B3FC3D-B6A6-4C3E-B511-6B25AA999A07}.Release|x64.ActiveCfg = Release|x64
		{D3B3FC3D-B6A6-4C3E-B511-6B25AA999A07}.Release|x64.Build.0 = Release|x64
		{D3B3FC3D-B6A6-4C3E-B511-6B25AA999A07}.Release|x86.ActiveCfg = Release|Win32
		{D3B3FC3D-B6A6-4C3E-B511-6B25AA999A07}.Release|x86.Build.0 = Release|Win32
		{B7EF940C-F510-4B38-A224-10AAC0CEA719}.Debug|x64.ActiveCfg = Debug|x64
		{B7EF940C-F510-4B38-A224-10AAC0CEA719}.Debug|x64.Build.0 = Debug|x64
		{B7EF940C-F510-4B38-A224-10AAC0CEA719}.Debug|x86.ActiveCfg = Debug|Win32
		{B7EF940C-F510-4B38-A224-10AAC0CEA719}.Debug|x86.Build.0 = Debug|Win32
		{B7EF940C-F510-4B38-A224-10AAC0CEA719}.Release|x64.ActiveCfg = Release|x64
		{B7EF940C-F510-4B38-A224-10AAC0CEA719}.Release|x64.Build.0 = Release|x64
		{B7EF940C-F510-4B38-A224-10AAC0CEA719}.Release|x86.ActiveCfg = Release|Win32
		{B7EF940C-F510-4B38-A224-10AAC0CEA719}.Release|x86.Build.0 = Release|Win32
		{94456E53-CB29-4076-B665-2C7102610F18}.Debug|x64.ActiveCfg = Debug|x64
		{94456E53-CB29-4076-B665-2C7102610F18}.Debug|x64.Build.0 = Debug|x64
		{94456E53-CB29-4076-B665-2C7102610F18}.Debug|x86.ActiveCfg = Debug|Win32
		{94456E53-CB29-4076-B665-2C7102610F18}.Debug|x86.Build.0 = Debug|Win32
		{94456E53-CB29-4076-B665-2C7102610F18}.Release|x64.ActiveCfg = Release|x64
		{94456E53-CB29-4076-B665-2C7102610F18}.Release|x64.Build.0 = Release|x64
		{94456E53-CB29-4076-B665-2C7102610F18}.Release|x86.ActiveCfg = Release|Win32
		{94456E53-CB29-4076-B665-2C7102610F18}.Release|x86.Build.0 = Release|Win32
		{50320D85-8A5C-4DC3-9836-793CFE0B2C45}.Debug|x64.ActiveCfg = Debug|x64
		{50320D85-8A5C-4DC3-9836-793CFE0B2C45}.Debug|x64.Build.0 = Debug|x64
		{50320D85-8A5C-4DC3-9836-793CFE0B2C45}.Debug|x86.ActiveCfg = Debug|Win32
		{50320D85-8A5C-4DC3-9836-793CFE0B2C45}.Debug|x86.Build.0 = Debug|Win32
		{50320D85-8A5C-4DC3-9836-793CFE0B2C45}.Release|x64.ActiveCfg = Release|x64
		{50320D85-8A5C-4DC3-9836-793CFE0B2C45}.Release|x64.Build.0 = Release|x64
		{50320D85-8A5C-4DC3-9836-793CFE0B2C45}.Release|x86.ActiveCfg = Release|Win32
		{50320D85-8A5C-4DC3-9836-793CFE0B2C45}.Release|x86.Build.0 = Release|Win32
		{E0CF4615-A274-4667-9B12-6A13C4FB8EB6}.Debug|x64.ActiveCfg = Debug|x64
		{E0CF4615-A274-4667-9B12-6A13C4FB8EB6}.Debug|x64.Build.0 = Debug|x64
		{E0CF4615-A274-4667-9B12-6A13C4FB8EB6}.Debug|x86.ActiveCfg = Debug|Win32
		{E0CF4615-A274-4667-9B12-6A13C4FB8EB6}.Debug|x86.Build.0 = Debug|Win32
		{E0CF4615-A274-4667-9B12-6A13C4FB8EB6}.Release|x64.ActiveCfg = Release|x64
		{E0CF4615-A274-4667-9B12-6A13C4FB8EB6}.Release|x64.Build.0 = Release|x64
		{E0CF4615-A274-4667-9B12-6A13C4FB8EB6}.Release|x86.ActiveCfg = Release|Win32
		{E0CF4615-A274-4667-9B12-6A13C4FB8EB6}.Release|x86.Build.0 = Release|Win32
		{130F6040-C409-4A30-ABA4-7EB552CDC679}.Debug|x64.ActiveCfg = Debug|x64
		{130F6040-C409-4A30-ABA4-7EB552CDC679}.Debug|x64.Build.0 = Debug|x64
		{130F6040-C409-4A30-ABA4-7EB552CDC679}.Debug|x86.ActiveCfg = Debug|Win32
		{130F6040-C409-4A30-ABA4-7EB552CDC679}.Debug|x86.Build.0 = Debug|Win32
		{130F6040-C409-4A30-ABA4-7EB552CDC679}.Release|x64.ActiveCfg = Release|x64
		{130F6040-C409-4A30-ABA4-7EB552CDC679}.Release|x64.Build.0 = Release|x64
		{130F6040-C409-4A30-ABA4-7EB552CDC679}.Release|x86.ActiveCfg = Release|Win32
		{130F6040-C409-4A30-ABA4-7EB552CDC679}.Release|x86.Build.0 = Release|Win32
		{AE194B03-E640-443F-B146-FF8B11D69C1F}.Debug|x64.ActiveCfg = Debug|x64
		{AE194B03-E640-443F-B146-FF8B11D69C1F}.Debug|x64.Build.0 = Debug|x64
		{AE194B03-E640-443F-B146-FF8B11D69C1F}.Debug|x86.ActiveCfg = Debug|Win32
		{AE194B03-E640-443F-B146-FF8B11D69C1F}.Debug|x86.Build.0 = Debug|Win32
		{AE194B03-E640-443F-B146-FF8B11D69C1F}.Release|x64.ActiveCfg = Release|x64
		{AE194B03-E640-443F-B146-FF8B11D69C1F}.Release|x64.Build.0 = Release|x64
		{AE194B03-E640-443F-B146-FF8B11D69C1F}.Release|x86.ActiveCfg = Release|Win32
		{AE194B03-E640-443F-B146-FF8B11D69C1F}.Release|x86.Build.0 = Release|Win32
		{4753B22D-A650-4235-A758-2F993CCF0DFC}.Debug|x64.ActiveCfg = Debug|x64
		{4753B22D-A650-4235-A758-2F993CCF0DFC}.Debug|x64.Build.0 = Debug|x64
		{4753B22D-A650-4235-A758-2F993CCF0DFC}.Debug|x86.ActiveCfg = Debug|Win32
		{4753B22D-A650-4235-A758-2F993CCF0DFC}.Debug|x86.Build.0 = Debug|Win32
		{4753B22D-A650-4235-A758-2F993CCF0DFC}.Release|x64.ActiveCfg = Release|x64
		{4753B22D-A650-4235-A758-2F993CCF0DFC}.Release|x64.Build.0 = Release|x64
		{4753B22D-A650-4235-A758-2F993CCF0DFC}.Release|x86.ActiveCfg = Release|Win32
		{4753B22D-A650-4235-A758-2F993CCF0DFC}.Release|x86.Build.0 = Release|Win32
		{982DD113-CBB0-482C-8825-5C13BB5222D6}.Debug|x64.ActiveCfg = Debug|x64
		{982DD113-CBB0-482C-8825-5C13BB5222D6}.Debug|x64.Build.0 = Debug|x64
		{982DD113-CBB0-482C-8825-5C13BB5222D6}.Debug|x86.ActiveCfg = Debug|Win32
		{982DD113-CBB0-482C-8825-5C13BB5222D6}.Debug|x86.Build.0 = Debug|Win32
		{982DD113-CBB0-482C-8825-5C13BB5222D6}.Release|x64.ActiveCfg = Release|x64
		{982DD113-CBB0-482C-8825-5C13BB5222D6}.Release|x64.Build.0 = Release|x64
		{982DD113-CBB0-482C-8825-5C13BB5222D6}.Release|x86.ActiveCfg = Release|Win32
		{982DD113-CBB0-482C-8825-5C13BB5222D6}.Release|x86.Build.0 = Release|Win32
		{FF3774C3-B285-462E-84AF-307CEB8CC4F1}.Debug|x64.ActiveCfg = Debug|x64
		{FF3774C3-B285-462E-84AF-307CEB8CC4F1}.Debug|x64.Build.0 = Debug|x64
		{FF3774C3-B285-462E-84AF-307CEB8CC4F1}.Debug|x86.ActiveCfg = Debug|Win32
		{FF3774C3-B285-462E-84AF-307CEB8CC4F1}.Debug|x86.Build.0 = Debug|Win32
		{FF3774C3-B285-462E-84AF-307CEB8CC4F1}.Release|x64.ActiveCfg = Release|x64
		{FF3774C3-B285-462E-84AF-307CEB8CC4F1}.Release|x64.Build.0 = Release|x64
		{FF3774C3-B285-462E-84AF-307CEB8CC4F1}.Release|x86.ActiveCfg = Release|Win32
		{FF3774C3-B285-462E-84AF-307CEB8CC4F1}.Release|x86.Build.0 = Release|Win32
	EndGlobalSection
	GlobalSection(SolutionProperties) = preSolution
		HideSolutionNode = FALSE
	EndGlobalSection
EndGlobal
